{
  "requires": true,
  "lockfileVersion": 1,
  "dependencies": {
    "glen-miskimmons-frame-print": {
      "version": "1.0.0",
      "resolved": "https://registry.npmjs.org/glen-miskimmons-frame-print/-/glen-miskimmons-frame-print-1.0.0.tgz",
      "integrity": "sha512-tfI7rlJEX24iIk3O6KNf9EE0kKFR1koW++leqx73JT6+KnMO3LaPTl63R4WU11TAMhk642/jvsQL/1VRo4975w=="
    }
  }
}
